
Microsoft Visual Studio Solution File, Format Version 12.00
# Visual Studio 15
VisualStudioVersion = 15.0.27428.2015
MinimumVisualStudioVersion = 10.0.40219.1
Project("{FAE04EC0-301F-11D3-BF4B-00C04F79EFBC}") = "MediaInterfaces", "MediaInterfaces\MediaInterfaces.csproj", "{FE2DBFDE-970D-443A-ABAF-45B57AE9A703}"
EndProject
Global
	GlobalSection(SolutionConfigurationPlatforms) = preSolution
		Debug|Any CPU = Debug|Any CPU
		Release|Any CPU = Release|Any CPU
	EndGlobalSection
	GlobalSection(ProjectConfigurationPlatforms) = postSolution
		{FE2DBFDE-970D-443A-ABAF-45B57AE9A703}.Debug|Any CPU.ActiveCfg = Debug|Any CPU
		{FE2DBFDE-970D-443A-ABAF-45B57AE9A703}.Debug|Any CPU.Build.0 = Debug|Any CPU
		{FE2DBFDE-970D-443A-ABAF-45B57AE9A703}.Release|Any CPU.ActiveCfg = Release|Any CPU
		{FE2DBFDE-970D-443A-ABAF-45B57AE9A703}.Release|Any CPU.Build.0 = Release|Any CPU
	EndGlobalSection
	GlobalSection(SolutionProperties) = preSolution
		HideSolutionNode = FALSE
	EndGlobalSection
	GlobalSection(ExtensibilityGlobals) = postSolution
		SolutionGuid = {4D61C602-353A-4D32-9F1B-0B4C79734F55}
	EndGlobalSection
EndGlobal
